// !$*UTF8*$!
{
	archiveVersion = 1;
	classes = {
	};
	objectVersion = 46;
	objects = {

/* Begin PBXBuildFile section */
		AFCEF4371F4049670069A217 /* AppDelegate.swift in Sources */ = {isa = PBXBuildFile; fileRef = AFCEF4361F4049670069A217 /* AppDelegate.swift */; };
		AFCEF43A1F4049670069A217 /* BlogReader.xcdatamodeld in Sources */ = {isa = PBXBuildFile; fileRef = AFCEF4381F4049670069A217 /* BlogReader.xcdatamodeld */; };
		AFCEF43C1F4049670069A217 /* MasterViewController.swift in Sources */ = {isa = PBXBuildFile; fileRef = AFCEF43B1F4049670069A217 /* MasterViewController.swift */; };
		AFCEF43E1F4049670069A217 /* DetailViewController.swift in Sources */ = {isa = PBXBuildFile; fileRef = AFCEF43D1F4049670069A217 /* DetailViewController.swift */; };
		AFCEF4411F4049670069A217 /* Main.storyboard in Resources */ = {isa = PBXBuildFile; fileRef = AFCEF43F1F4049670069A217 /* Main.storyboard */; };
		AFCEF4431F4049670069A217 /* Assets.xcassets in Resources */ = {isa = PBXBuildFile; fileRef = AFCEF4421F4049670069A217 /* Assets.xcassets */; };
		AFCEF4461F4049670069A217 /* LaunchScreen.storyboard in Resources */ = {isa = PBXBuildFile; fileRef = AFCEF4441F4049670069A217 /* LaunchScreen.storyboard */; };
/* End PBXBuildFile section */

/* Begin PBXFileReference section */
		AFCEF4331F4049670069A217 /* BlogReader.app */ = {isa = PBXFileReference; explicitFileType = wrapper.application; includeInIndex = 0; path = BlogReader.app; sourceTree = BUILT_PRODUCTS_DIR; };
		AFCEF4361F4049670069A217 /* AppDelegate.swift */ = {isa = PBXFileReference; lastKnownFileType = sourcecode.swift; path = AppDelegate.swift; sourceTree = "<group>"; };
		AFCEF4391F4049670069A217 /* BlogReader.xcdatamodel */ = {isa = PBXFileReference; lastKnownFileType = wrapper.xcdatamodel; path = BlogReader.xcdatamodel; sourceTree = "<group>"; };
		AFCEF43B1F4049670069A217 /* MasterViewController.swift */ = {isa = PBXFileReference; lastKnownFileType = sourcecode.swift; path = MasterViewController.swift; sourceTree = "<group>"; };
		AFCEF43D1F4049670069A217 /* DetailViewController.swift */ = {isa = PBXFileReference; lastKnownFileType = sourcecode.swift; path = DetailViewController.swift; sourceTree = "<group>"; };
		AFCEF4401F4049670069A217 /* Base */ = {isa = PBXFileReference; lastKnownFileType = file.storyboard; name = Base; path = Base.lproj/Main.storyboard; sourceTree = "<group>"; };
		AFCEF4421F4049670069A217 /* Assets.xcassets */ = {isa = PBXFileReference; lastKnownFileType = folder.assetcatalog; path = Assets.xcassets; sourceTree = "<group>"; };
		AFCEF4451F4049670069A217 /* Base */ = {isa = PBXFileReference; lastKnownFileType = file.storyboard; name = Base; path = Base.lproj/LaunchScreen.storyboard; sourceTree = "<group>"; };
		AFCEF4471F4049670069A217 /* Info.plist */ = {isa = PBXFileReference; lastKnownFileType = text.plist.xml; path = Info.plist; sourceTree = "<group>"; };
/* End PBXFileReference section */

/* Begin PBXFrameworksBuildPhase section */
		AFCEF4301F4049670069A217 /* Frameworks */ = {
			isa = PBXFrameworksBuildPhase;
			buildActionMask = 2147483647;
			files = (
			);
			runOnlyForDeploymentPostprocessing = 0;
		};
/* End PBXFrameworksBuildPhase section */

/* Begin PBXGroup section */
		AFCEF42A1F4049670069A217 = {
			isa = PBXGroup;
			children = (
				AFCEF4351F4049670069A217 /* BlogReader */,
				AFCEF4341F4049670069A217 /* Products */,
			);
			sourceTree = "<group>";
		};
		AFCEF4341F4049670069A217 /* Products */ = {
			isa = PBXGroup;
			children = (
				AFCEF4331F4049670069A217 /* BlogReader.app */,
			);
			name = Products;
			sourceTree = "<group>";
		};
		AFCEF4351F4049670069A217 /* BlogReader */ = {
			isa = PBXGroup;
			children = (
				AFCEF4361F4049670069A217 /* AppDelegate.swift */,
				AFCEF43B1F4049670069A217 /* MasterViewController.swift */,
				AFCEF43D1F4049670069A217 /* DetailViewController.swift */,
				AFCEF43F1F4049670069A217 /* Main.storyboard */,
				AFCEF4421F4049670069A217 /* Assets.xcassets */,
				AFCEF4441F4049670069A217 /* LaunchScreen.storyboard */,
				AFCEF4471F4049670069A217 /* Info.plist */,
				AFCEF4381F4049670069A217 /* BlogReader.xcdatamodeld */,
			);
			path = BlogReader;
			sourceTree = "<group>";
		};
/* End PBXGroup section */

/* Begin PBXNativeTarget section */
		AFCEF4321F4049670069A217 /* BlogReader */ = {
			isa = PBXNativeTarget;
			buildConfigurationList = AFCEF44A1F4049670069A217 /* Build configuration list for PBXNativeTarget "BlogReader" */;
			buildPhases = (
				AFCEF42F1F4049670069A217 /* Sources */,
				AFCEF4301F4049670069A217 /* Frameworks */,
				AFCEF4311F4049670069A217 /* Resources */,
			);
			buildRules = (
			);
			dependencies = (
			);
			name = BlogReader;
			productName = BlogReader;
			productReference = AFCEF4331F4049670069A217 /* BlogReader.app */;
			productType = "com.apple.product-type.application";
		};
/* End PBXNativeTarget section */

/* Begin PBXProject section */
		AFCEF42B1F4049670069A217 /* Project object */ = {
			isa = PBXProject;
			attributes = {
				LastSwiftUpdateCheck = 0830;
				LastUpgradeCheck = 0830;
				ORGANIZATIONNAME = aecasorg;
				TargetAttributes = {
					AFCEF4321F4049670069A217 = {
						CreatedOnToolsVersion = 8.3.3;
						ProvisioningStyle = Automatic;
					};
				};
			};
			buildConfigurationList = AFCEF42E1F4049670069A217 /* Build configuration list for PBXProject "BlogReader" */;
			compatibilityVersion = "Xcode 3.2";
			developmentRegion = English;
			hasScannedForEncodings = 0;
			knownRegions = (
				en,
				Base,
			);
			mainGroup = AFCEF42A1F4049670069A217;
			productRefGroup = AFCEF4341F4049670069A217 /* Products */;
			projectDirPath = "";
			projectRoot = "";
			targets = (
				AFCEF4321F4049670069A217 /* BlogReader */,
			);
		};
/* End PBXProject section */

/* Begin PBXResourcesBuildPhase section */
		AFCEF4311F4049670069A217 /* Resources */ = {
			isa = PBXResourcesBuildPhase;
			buildActionMask = 2147483647;
			files = (
				AFCEF4461F4049670069A217 /* LaunchScreen.storyboard in Resources */,
				AFCEF4431F4049670069A217 /* Assets.xcassets in Resources */,
				AFCEF4411F4049670069A217 /* Main.storyboard in Resources */,
			);
			runOnlyForDeploymentPostprocessing = 0;
		};
/* End PBXResourcesBuildPhase section */

/* Begin PBXSourcesBuildPhase section */
		AFCEF42F1F4049670069A217 /* Sources */ = {
			isa = PBXSourcesBuildPhase;
			buildActionMask = 2147483647;
			files = (
				AFCEF43A1F4049670069A217 /* BlogReader.xcdatamodeld in Sources */,
				AFCEF4371F4049670069A217 /* AppDelegate.swift in Sources */,
				AFCEF43C1F4049670069A217 /* MasterViewController.swift in Sources */,
				AFCEF43E1F4049670069A217 /* DetailViewController.swift in Sources */,
			);
			runOnlyForDeploymentPostprocessing = 0;
		};
/* End PBXSourcesBuildPhase section */

/* Begin PBXVariantGroup section */
		AFCEF43F1F4049670069A217 /* Main.storyboard */ = {
			isa = PBXVariantGroup;
			children = (
				AFCEF4401F4049670069A217 /* Base */,
			);
			name = Main.storyboard;
			sourceTree = "<group>";
		};
		AFCEF4441F4049670069A217 /* LaunchScreen.storyboard */ = {
			isa = PBXVariantGroup;
			children = (
				AFCEF4451F4049670069A217 /* Base */,
			);
			name = LaunchScreen.storyboard;
			sourceTree = "<group>";
		};
/* End PBXVariantGroup section */

/* Begin XCBuildConfiguration section */
		AFCEF4481F4049670069A217 /* Debug */ = {
			isa = XCBuildConfiguration;
			buildSettings = {
				ALWAYS_SEARCH_USER_PATHS = NO;
				CLANG_ANALYZER_NONNULL = YES;
				CLANG_ANALYZER_NUMBER_OBJECT_CONVERSION = YES_AGGRESSIVE;
				CLANG_CXX_LANGUAGE_STANDARD = "gnu++0x";
				CLANG_CXX_LIBRARY = "libc++";
				CLANG_ENABLE_MODULES = YES;
				CLANG_ENABLE_OBJC_ARC = YES;
				CLANG_WARN_BOOL_CONVERSION = YES;
				CLANG_WARN_CONSTANT_CONVERSION = YES;
				CLANG_WARN_DIRECT_OBJC_ISA_USAGE = YES_ERROR;
				CLANG_WARN_DOCUMENTATION_COMMENTS = YES;
				CLANG_WARN_EMPTY_BODY = YES;
				CLANG_WARN_ENUM_CONVERSION = YES;
				CLANG_WARN_INFINITE_RECURSION = YES;
				CLANG_WARN_INT_CONVERSION = YES;
				CLANG_WARN_OBJC_ROOT_CLASS = YES_ERROR;
				CLANG_WARN_SUSPICIOUS_MOVE = YES;
				CLANG_WARN_UNREACHABLE_CODE = YES;
				CLANG_WARN__DUPLICATE_METHOD_MATCH = YES;
				"CODE_SIGN_IDENTITY[sdk=iphoneos*]" = "iPhone Developer";
				COPY_PHASE_STRIP = NO;
				DEBUG_INFORMATION_FORMAT = dwarf;
				ENABLE_STRICT_OBJC_MSGSEND = YES;
				ENABLE_TESTABILITY = YES;
				GCC_C_LANGUAGE_STANDARD = gnu99;
				GCC_DYNAMIC_NO_PIC = NO;
				GCC_NO_COMMON_BLOCKS = YES;
				GCC_OPTIMIZATION_LEVEL = 0;
				GCC_PREPROCESSOR_DEFINITIONS = (
					"DEBUG=1",
					"$(inherited)",
				);
				GCC_WARN_64_TO_32_BIT_CONVERSION = YES;
				GCC_WARN_ABOUT_RETURN_TYPE = YES_ERROR;
				GCC_WARN_UNDECLARED_SELECTOR = YES;
				GCC_WARN_UNINITIALIZED_AUTOS = YES_AGGRESSIVE;
				GCC_WARN_UNUSED_FUNCTION = YES;
				GCC_WARN_UNUSED_VARIABLE = YES;
				IPHONEOS_DEPLOYMENT_TARGET = 10.3;
				MTL_ENABLE_DEBUG_INFO = YES;
				ONLY_ACTIVE_ARCH = YES;
				SDKROOT = iphoneos;
				SWIFT_ACTIVE_COMPILATION_CONDITIONS = DEBUG;
				SWIFT_OPTIMIZATION_LEVEL = "-Onone";
			};
			name = Debug;
		};
		AFCEF4491F4049670069A217 /* Release */ = {
			isa = XCBuildConfiguration;
			buildSettings = {
				ALWAYS_SEARCH_USER_PATHS = NO;
				CLANG_ANALYZER_NONNULL = YES;
				CLANG_ANALYZER_NUMBER_OBJECT_CONVERSION = YES_AGGRESSIVE;
				CLANG_CXX_LANGUAGE_STANDARD = "gnu++0x";
				CLANG_CXX_LIBRARY = "libc++";
				CLANG_ENABLE_MODULES = YES;
				CLANG_ENABLE_OBJC_ARC = YES;
				CLANG_WARN_BOOL_CONVERSION = YES;
				CLANG_WARN_CONSTANT_CONVERSION = YES;
				CLANG_WARN_DIRECT_OBJC_ISA_USAGE = YES_ERROR;
				CLANG_WARN_DOCUMENTATION_COMMENTS = YES;
				CLANG_WARN_EMPTY_BODY = YES;
				CLANG_WARN_ENUM_CONVERSION = YES;
				CLANG_WARN_INFINITE_RECURSION = YES;
				CLANG_WARN_INT_CONVERSION = YES;
				CLANG_WARN_OBJC_ROOT_CLASS = YES_ERROR;
				CLANG_WARN_SUSPICIOUS_MOVE = YES;
				CLANG_WARN_UNREACHABLE_CODE = YES;
				CLANG_WARN__DUPLICATE_METHOD_MATCH = YES;
				"CODE_SIGN_IDENTITY[sdk=iphoneos*]" = "iPhone Developer";
				COPY_PHASE_STRIP = NO;
				DEBUG_INFORMATION_FORMAT = "dwarf-with-dsym";
				ENABLE_NS_ASSERTIONS = NO;
				ENABLE_STRICT_OBJC_MSGSEND = YES;
				GCC_C_LANGUAGE_STANDARD = gnu99;
				GCC_NO_COMMON_BLOCKS = YES;
				GCC_WARN_64_TO_32_BIT_CONVERSION = YES;
				GCC_WARN_ABOUT_RETURN_TYPE = YES_ERROR;
				GCC_WARN_UNDECLARED_SELECTOR = YES;
				GCC_WARN_UNINITIALIZED_AUTOS = YES_AGGRESSIVE;
				GCC_WARN_UNUSED_FUNCTION = YES;
				GCC_WARN_UNUSED_VARIABLE = YES;
				IPHONEOS_DEPLOYMENT_TARGET = 10.3;
				MTL_ENABLE_DEBUG_INFO = NO;
				SDKROOT = iphoneos;
				SWIFT_OPTIMIZATION_LEVEL = "-Owholemodule";
				VALIDATE_PRODUCT = YES;
			};
			name = Release;
		};
		AFCEF44B1F4049670069A217 /* Debug */ = {
			isa = XCBuildConfiguration;
			buildSettings = {
				ASSETCATALOG_COMPILER_APPICON_NAME = AppIcon;
				INFOPLIST_FILE = BlogReader/Info.plist;
				LD_RUNPATH_SEARCH_PATHS = "$(inherited) @executable_path/Frameworks";
				PRODUCT_BUNDLE_IDENTIFIER = com.aecasorg.BlogReader;
				PRODUCT_NAME = "$(TARGET_NAME)";
				SWIFT_VERSION = 3.0;
			};
			name = Debug;
		};
		AFCEF44C1F4049670069A217 /* Release */ = {
			isa = XCBuildConfiguration;
			buildSettings = {
				ASSETCATALOG_COMPILER_APPICON_NAME = AppIcon;
				INFOPLIST_FILE = BlogReader/Info.plist;
				LD_RUNPATH_SEARCH_PATHS = "$(inherited) @executable_path/Frameworks";
				PRODUCT_BUNDLE_IDENTIFIER = com.aecasorg.BlogReader;
				PRODUCT_NAME = "$(TARGET_NAME)";
				SWIFT_VERSION = 3.0;
			};
			name = Release;
		};
/* End XCBuildConfiguration section */

/* Begin XCConfigurationList section */
		AFCEF42E1F4049670069A217 /* Build configuration list for PBXProject "BlogReader" */ = {
			isa = XCConfigurationList;
			buildConfigurations = (
				AFCEF4481F4049670069A217 /* Debug */,
				AFCEF4491F4049670069A217 /* Release */,
			);
			defaultConfigurationIsVisible = 0;
			defaultConfigurationName = Release;
		};
		AFCEF44A1F4049670069A217 /* Build configuration list for PBXNativeTarget "BlogReader" */ = {
			isa = XCConfigurationList;
			buildConfigurations = (
				AFCEF44B1F4049670069A217 /* Debug */,
				AFCEF44C1F4049670069A217 /* Release */,
			);
			defaultConfigurationIsVisible = 0;
		};
/* End XCConfigurationList section */

/* Begin XCVersionGroup section */
		AFCEF4381F4049670069A217 /* BlogReader.xcdatamodeld */ = {
			isa = XCVersionGroup;
			children = (
				AFCEF4391F4049670069A217 /* BlogReader.xcdatamodel */,
			);
			currentVersion = AFCEF4391F4049670069A217 /* BlogReader.xcdatamodel */;
			path = BlogReader.xcdatamodeld;
			sourceTree = "<group>";
			versionGroupType = wrapper.xcdatamodel;
		};
/* End XCVersionGroup section */
	};
	rootObject = AFCEF42B1F4049670069A217 /* Project object */;
}
